{
  "name": "cabrio-life",
  "version": "1.0.0",
  "lockfileVersion": 1,
  "requires": true,
  "dependencies": {
    "sulphuris": {
      "version": "1.0.3",
      "resolved": "https://registry.npmjs.org/sulphuris/-/sulphuris-1.0.3.tgz",
      "integrity": "sha512-mHPDoh+2dJFXCN8x6HgY9/ciiTJdQgnwDn4GUfff94grPgf9/WcFKZyy4M6+KrIXUaa0ZcHA6f9Eo7Nlz345yA=="
    }
  }
}
