{
  "name": "cabrio-life",
  "version": "1.0.0",
  "lockfileVersion": 1,
  "requires": true,
  "dependencies": {
    "sulphuris": {
      "version": "1.0.5",
      "resolved": "https://registry.npmjs.org/sulphuris/-/sulphuris-1.0.5.tgz",
      "integrity": "sha512-cjh/CD38xoXMFeocj4FovJSeuGPywjF/Vsq1nWP4GaXM7ZxPbXu5ZSpz8hcVuM7lYuQgyogh+3u+hrKLqRBbNA=="
    }
  }
}
